Microsoft Visual Studio Solution File, Format Version 12.00
# Visual Studio Version 17
VisualStudioVersion = 17.5.2.0
MinimumVisualStudioVersion = 10.0.40219.1
Project("{FAE04EC0-301F-11D3-BF4B-00C04F79EFBC}") = "LibraryBackend", "LibraryBackend\LibraryBackend.csproj", "{A2617BE5-93E5-CCCC-A1DE-7B1CDED5B588}"
EndProject
Global
	GlobalSection(SolutionConfigurationPlatforms) = preSolution
		Debug|Any CPU = Debug|Any CPU
		Release|Any CPU = Release|Any CPU
	EndGlobalSection
	GlobalSection(ProjectConfigurationPlatforms) = postSolution
		{A2617BE5-93E5-CCCC-A1DE-7B1CDED5B588}.Debug|Any CPU.ActiveCfg = Debug|Any CPU
		{A2617BE5-93E5-CCCC-A1DE-7B1CDED5B588}.Debug|Any CPU.Build.0 = Debug|Any CPU
		{A2617BE5-93E5-CCCC-A1DE-7B1CDED5B588}.Release|Any CPU.ActiveCfg = Release|Any CPU
		{A2617BE5-93E5-CCCC-A1DE-7B1CDED5B588}.Release|Any CPU.Build.0 = Release|Any CPU
	EndGlobalSection
	GlobalSection(SolutionProperties) = preSolution
		HideSolutionNode = FALSE
	EndGlobalSection
	GlobalSection(ExtensibilityGlobals) = postSolution
		SolutionGuid = {7636B99F-5A1E-4E14-BA1A-548ED3C2F84F}
	EndGlobalSection
EndGlobal
